
Microsoft Visual Studio Solution File, Format Version 12.00
# Visual Studio Version 17
VisualStudioVersion = 17.14.36310.24 d17.14
MinimumVisualStudioVersion = 10.0.40219.1
Project("{FAE04EC0-301F-11D3-BF4B-00C04F79EFBC}") = "PRACTICA N°2", "PRACTICA N°2\PRACTICA N°2.csproj", "{72581102-34A2-495B-87C0-4721CBB83349}"
EndProject
Global
	GlobalSection(SolutionConfigurationPlatforms) = preSolution
		Debug|Any CPU = Debug|Any CPU
		Release|Any CPU = Release|Any CPU
	EndGlobalSection
	GlobalSection(ProjectConfigurationPlatforms) = postSolution
		{72581102-34A2-495B-87C0-4721CBB83349}.Debug|Any CPU.ActiveCfg = Debug|Any CPU
		{72581102-34A2-495B-87C0-4721CBB83349}.Debug|Any CPU.Build.0 = Debug|Any CPU
		{72581102-34A2-495B-87C0-4721CBB83349}.Release|Any CPU.ActiveCfg = Release|Any CPU
		{72581102-34A2-495B-87C0-4721CBB83349}.Release|Any CPU.Build.0 = Release|Any CPU
	EndGlobalSection
	GlobalSection(SolutionProperties) = preSolution
		HideSolutionNode = FALSE
	EndGlobalSection
	GlobalSection(ExtensibilityGlobals) = postSolution
		SolutionGuid = {E66D6028-912B-4559-8DF6-12B59C0D19C4}
	EndGlobalSection
EndGlobal
